
Microsoft Visual Studio Solution File, Format Version 12.00
# Visual Studio 15
Project("{FAE04EC0-301F-11D3-BF4B-00C04F79EFBC}") = "CrashCourse2020ExercisesDayThree", "CrashCourse2020ExercisesDayThree.csproj", "{BACD5334-D7D4-4039-8950-59D539651651}"
EndProject
Global
	GlobalSection(SolutionConfigurationPlatforms) = preSolution
		Debug|Any CPU = Debug|Any CPU
		Release|Any CPU = Release|Any CPU
	EndGlobalSection
	GlobalSection(ProjectConfigurationPlatforms) = postSolution
		{BACD5334-D7D4-4039-8950-59D539651651}.Debug|Any CPU.ActiveCfg = Debug|Any CPU
		{BACD5334-D7D4-4039-8950-59D539651651}.Debug|Any CPU.Build.0 = Debug|Any CPU
		{BACD5334-D7D4-4039-8950-59D539651651}.Release|Any CPU.ActiveCfg = Release|Any CPU
		{BACD5334-D7D4-4039-8950-59D539651651}.Release|Any CPU.Build.0 = Release|Any CPU
	EndGlobalSection
EndGlobal
